
Microsoft Visual Studio Solution File, Format Version 12.00
# Visual Studio 14
VisualStudioVersion = 14.0.24720.0
MinimumVisualStudioVersion = 10.0.40219.1
Project("{FAE04EC0-301F-11D3-BF4B-00C04F79EFBC}") = "VirtualWorld", "VirtualWorld.csproj", "{9B5551E6-3DC5-4CBC-847E-F6669C4E0B38}"
EndProject
Project("{FAE04EC0-301F-11D3-BF4B-00C04F79EFBC}") = "JDTXCL", "..\VS2010 C#简单画图程序示例\JDTXCL\JDTXCL.csproj", "{7EF7B92F-4BD3-4E24-92D6-B47FA5299C1E}"
EndProject
Project("{FAE04EC0-301F-11D3-BF4B-00C04F79EFBC}") = "绘图程序", "..\绘图程序\绘图程序\绘图程序.csproj", "{06B97E6F-FDF4-4CE5-A648-79E83AD451AB}"
EndProject
Global
	GlobalSection(SolutionConfigurationPlatforms) = preSolution
		CD_ROM|Any CPU = CD_ROM|Any CPU
		CD_ROM|Mixed Platforms = CD_ROM|Mixed Platforms
		CD_ROM|x86 = CD_ROM|x86
		Debug|Any CPU = Debug|Any CPU
		Debug|Mixed Platforms = Debug|Mixed Platforms
		Debug|x86 = Debug|x86
		DVD-5|Any CPU = DVD-5|Any CPU
		DVD-5|Mixed Platforms = DVD-5|Mixed Platforms
		DVD-5|x86 = DVD-5|x86
		Release|Any CPU = Release|Any CPU
		Release|Mixed Platforms = Release|Mixed Platforms
		Release|x86 = Release|x86
		SingleImage|Any CPU = SingleImage|Any CPU
		SingleImage|Mixed Platforms = SingleImage|Mixed Platforms
		SingleImage|x86 = SingleImage|x86
	EndGlobalSection
	GlobalSection(ProjectConfigurationPlatforms) = postSolution
		{9B5551E6-3DC5-4CBC-847E-F6669C4E0B38}.CD_ROM|Any CPU.ActiveCfg = Release|Any CPU
		{9B5551E6-3DC5-4CBC-847E-F6669C4E0B38}.CD_ROM|Any CPU.Build.0 = Release|Any CPU
		{9B5551E6-3DC5-4CBC-847E-F6669C4E0B38}.CD_ROM|Mixed Platforms.ActiveCfg = Debug|Any CPU
		{9B5551E6-3DC5-4CBC-847E-F6669C4E0B38}.CD_ROM|Mixed Platforms.Build.0 = Debug|Any CPU
		{9B5551E6-3DC5-4CBC-847E-F6669C4E0B38}.CD_ROM|x86.ActiveCfg = Debug|Any CPU
		{9B5551E6-3DC5-4CBC-847E-F6669C4E0B38}.Debug|Any CPU.ActiveCfg = Debug|Any CPU
		{9B5551E6-3DC5-4CBC-847E-F6669C4E0B38}.Debug|Any CPU.Build.0 = Debug|Any CPU
		{9B5551E6-3DC5-4CBC-847E-F6669C4E0B38}.Debug|Mixed Platforms.ActiveCfg = Debug|Any CPU
		{9B5551E6-3DC5-4CBC-847E-F6669C4E0B38}.Debug|Mixed Platforms.Build.0 = Debug|Any CPU
		{9B5551E6-3DC5-4CBC-847E-F6669C4E0B38}.Debug|x86.ActiveCfg = Debug|Any CPU
		{9B5551E6-3DC5-4CBC-847E-F6669C4E0B38}.DVD-5|Any CPU.ActiveCfg = Debug|Any CPU
		{9B5551E6-3DC5-4CBC-847E-F6669C4E0B38}.DVD-5|Any CPU.Build.0 = Debug|Any CPU
		{9B5551E6-3DC5-4CBC-847E-F6669C4E0B38}.DVD-5|Mixed Platforms.ActiveCfg = Debug|Any CPU
		{9B5551E6-3DC5-4CBC-847E-F6669C4E0B38}.DVD-5|Mixed Platforms.Build.0 = Debug|Any CPU
		{9B5551E6-3DC5-4CBC-847E-F6669C4E0B38}.DVD-5|x86.ActiveCfg = Debug|Any CPU
		{9B5551E6-3DC5-4CBC-847E-F6669C4E0B38}.Release|Any CPU.ActiveCfg = Release|Any CPU
		{9B5551E6-3DC5-4CBC-847E-F6669C4E0B38}.Release|Any CPU.Build.0 = Release|Any CPU
		{9B5551E6-3DC5-4CBC-847E-F6669C4E0B38}.Release|Mixed Platforms.ActiveCfg = Release|Any CPU
		{9B5551E6-3DC5-4CBC-847E-F6669C4E0B38}.Release|Mixed Platforms.Build.0 = Release|Any CPU
		{9B5551E6-3DC5-4CBC-847E-F6669C4E0B38}.Release|x86.ActiveCfg = Release|Any CPU
		{9B5551E6-3DC5-4CBC-847E-F6669C4E0B38}.SingleImage|Any CPU.ActiveCfg = Release|Any CPU
		{9B5551E6-3DC5-4CBC-847E-F6669C4E0B38}.SingleImage|Any CPU.Build.0 = Release|Any CPU
		{9B5551E6-3DC5-4CBC-847E-F6669C4E0B38}.SingleImage|Mixed Platforms.ActiveCfg = Debug|Any CPU
		{9B5551E6-3DC5-4CBC-847E-F6669C4E0B38}.SingleImage|Mixed Platforms.Build.0 = Debug|Any CPU
		{9B5551E6-3DC5-4CBC-847E-F6669C4E0B38}.SingleImage|x86.ActiveCfg = Debug|Any CPU
		{7EF7B92F-4BD3-4E24-92D6-B47FA5299C1E}.CD_ROM|Any CPU.ActiveCfg = Release|Any CPU
		{7EF7B92F-4BD3-4E24-92D6-B47FA5299C1E}.CD_ROM|Any CPU.Build.0 = Release|Any CPU
		{7EF7B92F-4BD3-4E24-92D6-B47FA5299C1E}.CD_ROM|Mixed Platforms.ActiveCfg = Release|Any CPU
		{7EF7B92F-4BD3-4E24-92D6-B47FA5299C1E}.CD_ROM|Mixed Platforms.Build.0 = Release|Any CPU
		{7EF7B92F-4BD3-4E24-92D6-B47FA5299C1E}.CD_ROM|x86.ActiveCfg = Release|Any CPU
		{7EF7B92F-4BD3-4E24-92D6-B47FA5299C1E}.CD_ROM|x86.Build.0 = Release|Any CPU
		{7EF7B92F-4BD3-4E24-92D6-B47FA5299C1E}.Debug|Any CPU.ActiveCfg = Debug|Any CPU
		{7EF7B92F-4BD3-4E24-92D6-B47FA5299C1E}.Debug|Any CPU.Build.0 = Debug|Any CPU
		{7EF7B92F-4BD3-4E24-92D6-B47FA5299C1E}.Debug|Mixed Platforms.ActiveCfg = Debug|Any CPU
		{7EF7B92F-4BD3-4E24-92D6-B47FA5299C1E}.Debug|Mixed Platforms.Build.0 = Debug|Any CPU
		{7EF7B92F-4BD3-4E24-92D6-B47FA5299C1E}.Debug|x86.ActiveCfg = Debug|Any CPU
		{7EF7B92F-4BD3-4E24-92D6-B47FA5299C1E}.Debug|x86.Build.0 = Debug|Any CPU
		{7EF7B92F-4BD3-4E24-92D6-B47FA5299C1E}.DVD-5|Any CPU.ActiveCfg = Debug|Any CPU
		{7EF7B92F-4BD3-4E24-92D6-B47FA5299C1E}.DVD-5|Any CPU.Build.0 = Debug|Any CPU
		{7EF7B92F-4BD3-4E24-92D6-B47FA5299C1E}.DVD-5|Mixed Platforms.ActiveCfg = Debug|Any CPU
		{7EF7B92F-4BD3-4E24-92D6-B47FA5299C1E}.DVD-5|Mixed Platforms.Build.0 = Debug|Any CPU
		{7EF7B92F-4BD3-4E24-92D6-B47FA5299C1E}.DVD-5|x86.ActiveCfg = Debug|Any CPU
		{7EF7B92F-4BD3-4E24-92D6-B47FA5299C1E}.DVD-5|x86.Build.0 = Debug|Any CPU
		{7EF7B92F-4BD3-4E24-92D6-B47FA5299C1E}.Release|Any CPU.ActiveCfg = Release|Any CPU
		{7EF7B92F-4BD3-4E24-92D6-B47FA5299C1E}.Release|Any CPU.Build.0 = Release|Any CPU
		{7EF7B92F-4BD3-4E24-92D6-B47FA5299C1E}.Release|Mixed Platforms.ActiveCfg = Release|Any CPU
		{7EF7B92F-4BD3-4E24-92D6-B47FA5299C1E}.Release|Mixed Platforms.Build.0 = Release|Any CPU
		{7EF7B92F-4BD3-4E24-92D6-B47FA5299C1E}.Release|x86.ActiveCfg = Release|Any CPU
		{7EF7B92F-4BD3-4E24-92D6-B47FA5299C1E}.Release|x86.Build.0 = Release|Any CPU
		{7EF7B92F-4BD3-4E24-92D6-B47FA5299C1E}.SingleImage|Any CPU.ActiveCfg = Release|Any CPU
		{7EF7B92F-4BD3-4E24-92D6-B47FA5299C1E}.SingleImage|Any CPU.Build.0 = Release|Any CPU
		{7EF7B92F-4BD3-4E24-92D6-B47FA5299C1E}.SingleImage|Mixed Platforms.ActiveCfg = Release|Any CPU
		{7EF7B92F-4BD3-4E24-92D6-B47FA5299C1E}.SingleImage|Mixed Platforms.Build.0 = Release|Any CPU
		{7EF7B92F-4BD3-4E24-92D6-B47FA5299C1E}.SingleImage|x86.ActiveCfg = Release|Any CPU
		{7EF7B92F-4BD3-4E24-92D6-B47FA5299C1E}.SingleImage|x86.Build.0 = Release|Any CPU
		{06B97E6F-FDF4-4CE5-A648-79E83AD451AB}.CD_ROM|Any CPU.ActiveCfg = Release|Any CPU
		{06B97E6F-FDF4-4CE5-A648-79E83AD451AB}.CD_ROM|Any CPU.Build.0 = Release|Any CPU
		{06B97E6F-FDF4-4CE5-A648-79E83AD451AB}.CD_ROM|Mixed Platforms.ActiveCfg = Release|Any CPU
		{06B97E6F-FDF4-4CE5-A648-79E83AD451AB}.CD_ROM|Mixed Platforms.Build.0 = Release|Any CPU
		{06B97E6F-FDF4-4CE5-A648-79E83AD451AB}.CD_ROM|x86.ActiveCfg = Release|Any CPU
		{06B97E6F-FDF4-4CE5-A648-79E83AD451AB}.CD_ROM|x86.Build.0 = Release|Any CPU
		{06B97E6F-FDF4-4CE5-A648-79E83AD451AB}.Debug|Any CPU.ActiveCfg = Debug|Any CPU
		{06B97E6F-FDF4-4CE5-A648-79E83AD451AB}.Debug|Any CPU.Build.0 = Debug|Any CPU
		{06B97E6F-FDF4-4CE5-A648-79E83AD451AB}.Debug|Mixed Platforms.ActiveCfg = Debug|Any CPU
		{06B97E6F-FDF4-4CE5-A648-79E83AD451AB}.Debug|Mixed Platforms.Build.0 = Debug|Any CPU
		{06B97E6F-FDF4-4CE5-A648-79E83AD451AB}.Debug|x86.ActiveCfg = Debug|Any CPU
		{06B97E6F-FDF4-4CE5-A648-79E83AD451AB}.Debug|x86.Build.0 = Debug|Any CPU
		{06B97E6F-FDF4-4CE5-A648-79E83AD451AB}.DVD-5|Any CPU.ActiveCfg = Debug|Any CPU
		{06B97E6F-FDF4-4CE5-A648-79E83AD451AB}.DVD-5|Any CPU.Build.0 = Debug|Any CPU
		{06B97E6F-FDF4-4CE5-A648-79E83AD451AB}.DVD-5|Mixed Platforms.ActiveCfg = Debug|Any CPU
		{06B97E6F-FDF4-4CE5-A648-79E83AD451AB}.DVD-5|Mixed Platforms.Build.0 = Debug|Any CPU
		{06B97E6F-FDF4-4CE5-A648-79E83AD451AB}.DVD-5|x86.ActiveCfg = Debug|Any CPU
		{06B97E6F-FDF4-4CE5-A648-79E83AD451AB}.DVD-5|x86.Build.0 = Debug|Any CPU
		{06B97E6F-FDF4-4CE5-A648-79E83AD451AB}.Release|Any CPU.ActiveCfg = Release|Any CPU
		{06B97E6F-FDF4-4CE5-A648-79E83AD451AB}.Release|Any CPU.Build.0 = Release|Any CPU
		{06B97E6F-FDF4-4CE5-A648-79E83AD451AB}.Release|Mixed Platforms.ActiveCfg = Release|Any CPU
		{06B97E6F-FDF4-4CE5-A648-79E83AD451AB}.Release|Mixed Platforms.Build.0 = Release|Any CPU
		{06B97E6F-FDF4-4CE5-A648-79E83AD451AB}.Release|x86.ActiveCfg = Release|Any CPU
		{06B97E6F-FDF4-4CE5-A648-79E83AD451AB}.Release|x86.Build.0 = Release|Any CPU
		{06B97E6F-FDF4-4CE5-A648-79E83AD451AB}.SingleImage|Any CPU.ActiveCfg = Release|Any CPU
		{06B97E6F-FDF4-4CE5-A648-79E83AD451AB}.SingleImage|Any CPU.Build.0 = Release|Any CPU
		{06B97E6F-FDF4-4CE5-A648-79E83AD451AB}.SingleImage|Mixed Platforms.ActiveCfg = Release|Any CPU
		{06B97E6F-FDF4-4CE5-A648-79E83AD451AB}.SingleImage|Mixed Platforms.Build.0 = Release|Any CPU
		{06B97E6F-FDF4-4CE5-A648-79E83AD451AB}.SingleImage|x86.ActiveCfg = Release|Any CPU
		{06B97E6F-FDF4-4CE5-A648-79E83AD451AB}.SingleImage|x86.Build.0 = Release|Any CPU
	EndGlobalSection
	GlobalSection(SolutionProperties) = preSolution
		HideSolutionNode = FALSE
	EndGlobalSection
EndGlobal
